// !$*UTF8*$!
{
	archiveVersion = 1;
	classes = {
	};
	objectVersion = 56;
	objects = {

/* Begin PBXBuildFile section */
		3812C09529EEFA5300639103 /* AppDelegate.swift in Sources */ = {isa = PBXBuildFile; fileRef = 3812C09429EEFA5300639103 /* AppDelegate.swift */; };
		3812C09729EEFA5300639103 /* SceneDelegate.swift in Sources */ = {isa = PBXBuildFile; fileRef = 3812C09629EEFA5300639103 /* SceneDelegate.swift */; };
		3812C09929EEFA5300639103 /* SearchViewController.swift in Sources */ = {isa = PBXBuildFile; fileRef = 3812C09829EEFA5300639103 /* SearchViewController.swift */; };
		3812C09C29EEFA5300639103 /* Main.storyboard in Resources */ = {isa = PBXBuildFile; fileRef = 3812C09A29EEFA5300639103 /* Main.storyboard */; };
		3812C09E29EEFA5500639103 /* Assets.xcassets in Resources */ = {isa = PBXBuildFile; fileRef = 3812C09D29EEFA5500639103 /* Assets.xcassets */; };
		3812C0A129EEFA5500639103 /* LaunchScreen.storyboard in Resources */ = {isa = PBXBuildFile; fileRef = 3812C09F29EEFA5500639103 /* LaunchScreen.storyboard */; };
		3812C0AC29EEFA5500639103 /* VIPER_QiitaAppTests.swift in Sources */ = {isa = PBXBuildFile; fileRef = 3812C0AB29EEFA5500639103 /* VIPER_QiitaAppTests.swift */; };
		3812C0B629EEFA5500639103 /* VIPER_QiitaAppUITests.swift in Sources */ = {isa = PBXBuildFile; fileRef = 3812C0B529EEFA5500639103 /* VIPER_QiitaAppUITests.swift */; };
		3812C0B829EEFA5500639103 /* VIPER_QiitaAppUITestsLaunchTests.swift in Sources */ = {isa = PBXBuildFile; fileRef = 3812C0B729EEFA5500639103 /* VIPER_QiitaAppUITestsLaunchTests.swift */; };
		3812C0C829EF8F5000639103 /* .swiftlint.yml in Resources */ = {isa = PBXBuildFile; fileRef = 3812C0C729EF8F5000639103 /* .swiftlint.yml */; };
		3812C0D129EF9ECA00639103 /* SearchQiitaInteractor.swift in Sources */ = {isa = PBXBuildFile; fileRef = 3812C0D029EF9ECA00639103 /* SearchQiitaInteractor.swift */; };
		3812C0D329EF9EE600639103 /* SearchQiitaPresenter.swift in Sources */ = {isa = PBXBuildFile; fileRef = 3812C0D229EF9EE600639103 /* SearchQiitaPresenter.swift */; };
		3812C0D529EF9F0500639103 /* SearchQiitaEntity.swift in Sources */ = {isa = PBXBuildFile; fileRef = 3812C0D429EF9F0500639103 /* SearchQiitaEntity.swift */; };
		3812C0D729EF9F2600639103 /* SearchQiitaRouter.swift in Sources */ = {isa = PBXBuildFile; fileRef = 3812C0D629EF9F2600639103 /* SearchQiitaRouter.swift */; };
		3812C0D929EF9F6700639103 /* SearchQiitaProtocol.swift in Sources */ = {isa = PBXBuildFile; fileRef = 3812C0D829EF9F6700639103 /* SearchQiitaProtocol.swift */; };
		3812C0DB29EFC13C00639103 /* QiitaListTableViewCell.swift in Sources */ = {isa = PBXBuildFile; fileRef = 3812C0DA29EFC13C00639103 /* QiitaListTableViewCell.swift */; };
		3812C0DF29F0038100639103 /* UIImageView+Extension.swift in Sources */ = {isa = PBXBuildFile; fileRef = 3812C0DE29F0038100639103 /* UIImageView+Extension.swift */; };
		3812C0E129F0D5C200639103 /* ApiErrors.swift in Sources */ = {isa = PBXBuildFile; fileRef = 3812C0E029F0D5C200639103 /* ApiErrors.swift */; };
		3812C0E429F17F6F00639103 /* QiitaArticleProtocol.swift in Sources */ = {isa = PBXBuildFile; fileRef = 3812C0E329F17F6F00639103 /* QiitaArticleProtocol.swift */; };
		3812C0EA29F1802400639103 /* QiitaArticleRouter.swift in Sources */ = {isa = PBXBuildFile; fileRef = 3812C0E929F1802400639103 /* QiitaArticleRouter.swift */; };
		3812C0EC29F180D400639103 /* QiitaArticleViewController.swift in Sources */ = {isa = PBXBuildFile; fileRef = 3812C0EB29F180D400639103 /* QiitaArticleViewController.swift */; };
		3812C0EE29F187E000639103 /* QiitaArticlePresenter.swift in Sources */ = {isa = PBXBuildFile; fileRef = 3812C0ED29F187E000639103 /* QiitaArticlePresenter.swift */; };
		3812C0F029F18D9500639103 /* QiitaArticle.storyboard in Resources */ = {isa = PBXBuildFile; fileRef = 3812C0EF29F18D9500639103 /* QiitaArticle.storyboard */; };
/* End PBXBuildFile section */

/* Begin PBXContainerItemProxy section */
		3812C0A829EEFA5500639103 /* PBXContainerItemProxy */ = {
			isa = PBXContainerItemProxy;
			containerPortal = 3812C08929EEFA5300639103 /* Project object */;
			proxyType = 1;
			remoteGlobalIDString = 3812C09029EEFA5300639103;
			remoteInfo = VIPER_QiitaApp;
		};
		3812C0B229EEFA5500639103 /* PBXContainerItemProxy */ = {
			isa = PBXContainerItemProxy;
			containerPortal = 3812C08929EEFA5300639103 /* Project object */;
			proxyType = 1;
			remoteGlobalIDString = 3812C09029EEFA5300639103;
			remoteInfo = VIPER_QiitaApp;
		};
/* End PBXContainerItemProxy section */

/* Begin PBXFileReference section */
		3812C09129EEFA5300639103 /* VIPER_QiitaApp.app */ = {isa = PBXFileReference; explicitFileType = wrapper.application; includeInIndex = 0; path = VIPER_QiitaApp.app; sourceTree = BUILT_PRODUCTS_DIR; };
		3812C09429EEFA5300639103 /* AppDelegate.swift */ = {isa = PBXFileReference; lastKnownFileType = sourcecode.swift; path = AppDelegate.swift; sourceTree = "<group>"; };
		3812C09629EEFA5300639103 /* SceneDelegate.swift */ = {isa = PBXFileReference; lastKnownFileType = sourcecode.swift; path = SceneDelegate.swift; sourceTree = "<group>"; };
		3812C09829EEFA5300639103 /* SearchViewController.swift */ = {isa = PBXFileReference; lastKnownFileType = sourcecode.swift; path = SearchViewController.swift; sourceTree = "<group>"; };
		3812C09B29EEFA5300639103 /* Base */ = {isa = PBXFileReference; lastKnownFileType = file.storyboard; name = Base; path = Base.lproj/Main.storyboard; sourceTree = "<group>"; };
		3812C09D29EEFA5500639103 /* Assets.xcassets */ = {isa = PBXFileReference; lastKnownFileType = folder.assetcatalog; path = Assets.xcassets; sourceTree = "<group>"; };
		3812C0A029EEFA5500639103 /* Base */ = {isa = PBXFileReference; lastKnownFileType = file.storyboard; name = Base; path = Base.lproj/LaunchScreen.storyboard; sourceTree = "<group>"; };
		3812C0A229EEFA5500639103 /* Info.plist */ = {isa = PBXFileReference; lastKnownFileType = text.plist.xml; path = Info.plist; sourceTree = "<group>"; };
		3812C0A729EEFA5500639103 /* VIPER_QiitaAppTests.xctest */ = {isa = PBXFileReference; explicitFileType = wrapper.cfbundle; includeInIndex = 0; path = VIPER_QiitaAppTests.xctest; sourceTree = BUILT_PRODUCTS_DIR; };
		3812C0AB29EEFA5500639103 /* VIPER_QiitaAppTests.swift */ = {isa = PBXFileReference; lastKnownFileType = sourcecode.swift; path = VIPER_QiitaAppTests.swift; sourceTree = "<group>"; };
		3812C0B129EEFA5500639103 /* VIPER_QiitaAppUITests.xctest */ = {isa = PBXFileReference; explicitFileType = wrapper.cfbundle; includeInIndex = 0; path = VIPER_QiitaAppUITests.xctest; sourceTree = BUILT_PRODUCTS_DIR; };
		3812C0B529EEFA5500639103 /* VIPER_QiitaAppUITests.swift */ = {isa = PBXFileReference; lastKnownFileType = sourcecode.swift; path = VIPER_QiitaAppUITests.swift; sourceTree = "<group>"; };
		3812C0B729EEFA5500639103 /* VIPER_QiitaAppUITestsLaunchTests.swift */ = {isa = PBXFileReference; lastKnownFileType = sourcecode.swift; path = VIPER_QiitaAppUITestsLaunchTests.swift; sourceTree = "<group>"; };
		3812C0C729EF8F5000639103 /* .swiftlint.yml */ = {isa = PBXFileReference; lastKnownFileType = text.yaml; path = .swiftlint.yml; sourceTree = "<group>"; };
		3812C0D029EF9ECA00639103 /* SearchQiitaInteractor.swift */ = {isa = PBXFileReference; lastKnownFileType = sourcecode.swift; path = SearchQiitaInteractor.swift; sourceTree = "<group>"; };
		3812C0D229EF9EE600639103 /* SearchQiitaPresenter.swift */ = {isa = PBXFileReference; lastKnownFileType = sourcecode.swift; path = SearchQiitaPresenter.swift; sourceTree = "<group>"; };
		3812C0D429EF9F0500639103 /* SearchQiitaEntity.swift */ = {isa = PBXFileReference; lastKnownFileType = sourcecode.swift; path = SearchQiitaEntity.swift; sourceTree = "<group>"; };
		3812C0D629EF9F2600639103 /* SearchQiitaRouter.swift */ = {isa = PBXFileReference; lastKnownFileType = sourcecode.swift; path = SearchQiitaRouter.swift; sourceTree = "<group>"; };
		3812C0D829EF9F6700639103 /* SearchQiitaProtocol.swift */ = {isa = PBXFileReference; lastKnownFileType = sourcecode.swift; path = SearchQiitaProtocol.swift; sourceTree = "<group>"; };
		3812C0DA29EFC13C00639103 /* QiitaListTableViewCell.swift */ = {isa = PBXFileReference; lastKnownFileType = sourcecode.swift; path = QiitaListTableViewCell.swift; sourceTree = "<group>"; };
		3812C0DE29F0038100639103 /* UIImageView+Extension.swift */ = {isa = PBXFileReference; lastKnownFileType = sourcecode.swift; path = "UIImageView+Extension.swift"; sourceTree = "<group>"; };
		3812C0E029F0D5C200639103 /* ApiErrors.swift */ = {isa = PBXFileReference; lastKnownFileType = sourcecode.swift; path = ApiErrors.swift; sourceTree = "<group>"; };
		3812C0E329F17F6F00639103 /* QiitaArticleProtocol.swift */ = {isa = PBXFileReference; lastKnownFileType = sourcecode.swift; path = QiitaArticleProtocol.swift; sourceTree = "<group>"; };
		3812C0E929F1802400639103 /* QiitaArticleRouter.swift */ = {isa = PBXFileReference; lastKnownFileType = sourcecode.swift; path = QiitaArticleRouter.swift; sourceTree = "<group>"; };
		3812C0EB29F180D400639103 /* QiitaArticleViewController.swift */ = {isa = PBXFileReference; lastKnownFileType = sourcecode.swift; path = QiitaArticleViewController.swift; sourceTree = "<group>"; };
		3812C0ED29F187E000639103 /* QiitaArticlePresenter.swift */ = {isa = PBXFileReference; lastKnownFileType = sourcecode.swift; path = QiitaArticlePresenter.swift; sourceTree = "<group>"; };
		3812C0EF29F18D9500639103 /* QiitaArticle.storyboard */ = {isa = PBXFileReference; lastKnownFileType = file.storyboard; path = QiitaArticle.storyboard; sourceTree = "<group>"; };
/* End PBXFileReference section */

/* Begin PBXFrameworksBuildPhase section */
		3812C08E29EEFA5300639103 /* Frameworks */ = {
			isa = PBXFrameworksBuildPhase;
			buildActionMask = 2147483647;
			files = (
			);
			runOnlyForDeploymentPostprocessing = 0;
		};
		3812C0A429EEFA5500639103 /* Frameworks */ = {
			isa = PBXFrameworksBuildPhase;
			buildActionMask = 2147483647;
			files = (
			);
			runOnlyForDeploymentPostprocessing = 0;
		};
		3812C0AE29EEFA5500639103 /* Frameworks */ = {
			isa = PBXFrameworksBuildPhase;
			buildActionMask = 2147483647;
			files = (
			);
			runOnlyForDeploymentPostprocessing = 0;
		};
/* End PBXFrameworksBuildPhase section */

/* Begin PBXGroup section */
		3812C08829EEFA5300639103 = {
			isa = PBXGroup;
			children = (
				3812C0C729EF8F5000639103 /* .swiftlint.yml */,
				3812C09329EEFA5300639103 /* VIPER_QiitaApp */,
				3812C0AA29EEFA5500639103 /* VIPER_QiitaAppTests */,
				3812C0B429EEFA5500639103 /* VIPER_QiitaAppUITests */,
				3812C09229EEFA5300639103 /* Products */,
			);
			sourceTree = "<group>";
		};
		3812C09229EEFA5300639103 /* Products */ = {
			isa = PBXGroup;
			children = (
				3812C09129EEFA5300639103 /* VIPER_QiitaApp.app */,
				3812C0A729EEFA5500639103 /* VIPER_QiitaAppTests.xctest */,
				3812C0B129EEFA5500639103 /* VIPER_QiitaAppUITests.xctest */,
			);
			name = Products;
			sourceTree = "<group>";
		};
		3812C09329EEFA5300639103 /* VIPER_QiitaApp */ = {
			isa = PBXGroup;
			children = (
				3812C09429EEFA5300639103 /* AppDelegate.swift */,
				3812C09629EEFA5300639103 /* SceneDelegate.swift */,
				3812C0CF29EF987800639103 /* SearchQiita */,
				3812C0E229F17EF600639103 /* QiitaArticle */,
				3812C0DC29F0030300639103 /*  Utility */,
				3812C09D29EEFA5500639103 /* Assets.xcassets */,
				3812C09F29EEFA5500639103 /* LaunchScreen.storyboard */,
				3812C0A229EEFA5500639103 /* Info.plist */,
			);
			path = VIPER_QiitaApp;
			sourceTree = "<group>";
		};
		3812C0AA29EEFA5500639103 /* VIPER_QiitaAppTests */ = {
			isa = PBXGroup;
			children = (
				3812C0AB29EEFA5500639103 /* VIPER_QiitaAppTests.swift */,
			);
			path = VIPER_QiitaAppTests;
			sourceTree = "<group>";
		};
		3812C0B429EEFA5500639103 /* VIPER_QiitaAppUITests */ = {
			isa = PBXGroup;
			children = (
				3812C0B529EEFA5500639103 /* VIPER_QiitaAppUITests.swift */,
				3812C0B729EEFA5500639103 /* VIPER_QiitaAppUITestsLaunchTests.swift */,
			);
			path = VIPER_QiitaAppUITests;
			sourceTree = "<group>";
		};
		3812C0CA29EF97E200639103 /* View */ = {
			isa = PBXGroup;
			children = (
				3812C09A29EEFA5300639103 /* Main.storyboard */,
				3812C09829EEFA5300639103 /* SearchViewController.swift */,
				3812C0DA29EFC13C00639103 /* QiitaListTableViewCell.swift */,
			);
			path = View;
			sourceTree = "<group>";
		};
		3812C0CB29EF980400639103 /* Interactor */ = {
			isa = PBXGroup;
			children = (
				3812C0D029EF9ECA00639103 /* SearchQiitaInteractor.swift */,
			);
			path = Interactor;
			sourceTree = "<group>";
		};
		3812C0CC29EF981800639103 /* Presenter */ = {
			isa = PBXGroup;
			children = (
				3812C0D229EF9EE600639103 /* SearchQiitaPresenter.swift */,
			);
			path = Presenter;
			sourceTree = "<group>";
		};
		3812C0CD29EF984400639103 /* Entity */ = {
			isa = PBXGroup;
			children = (
				3812C0D429EF9F0500639103 /* SearchQiitaEntity.swift */,
			);
			path = Entity;
			sourceTree = "<group>";
		};
		3812C0CE29EF986300639103 /*  Router */ = {
			isa = PBXGroup;
			children = (
				3812C0D629EF9F2600639103 /* SearchQiitaRouter.swift */,
			);
			path = " Router";
			sourceTree = "<group>";
		};
		3812C0CF29EF987800639103 /* SearchQiita */ = {
			isa = PBXGroup;
			children = (
				3812C0D829EF9F6700639103 /* SearchQiitaProtocol.swift */,
				3812C0CA29EF97E200639103 /* View */,
				3812C0CB29EF980400639103 /* Interactor */,
				3812C0CC29EF981800639103 /* Presenter */,
				3812C0CD29EF984400639103 /* Entity */,
				3812C0CE29EF986300639103 /*  Router */,
			);
			path = SearchQiita;
			sourceTree = "<group>";
		};
		3812C0DC29F0030300639103 /*  Utility */ = {
			isa = PBXGroup;
			children = (
				3812C0DD29F0034000639103 /* Extensions */,
				3812C0E029F0D5C200639103 /* ApiErrors.swift */,
			);
			path = " Utility";
			sourceTree = "<group>";
		};
		3812C0DD29F0034000639103 /* Extensions */ = {
			isa = PBXGroup;
			children = (
				3812C0DE29F0038100639103 /* UIImageView+Extension.swift */,
			);
			path = Extensions;
			sourceTree = "<group>";
		};
		3812C0E229F17EF600639103 /* QiitaArticle */ = {
			isa = PBXGroup;
			children = (
				3812C0EF29F18D9500639103 /* QiitaArticle.storyboard */,
				3812C0E329F17F6F00639103 /* QiitaArticleProtocol.swift */,
				3812C0EB29F180D400639103 /* QiitaArticleViewController.swift */,
				3812C0ED29F187E000639103 /* QiitaArticlePresenter.swift */,
				3812C0E929F1802400639103 /* QiitaArticleRouter.swift */,
			);
			path = QiitaArticle;
			sourceTree = "<group>";
		};
/* End PBXGroup section */

/* Begin PBXNativeTarget section */
		3812C09029EEFA5300639103 /* VIPER_QiitaApp */ = {
			isa = PBXNativeTarget;
			buildConfigurationList = 3812C0BB29EEFA5500639103 /* Build configuration list for PBXNativeTarget "VIPER_QiitaApp" */;
			buildPhases = (
				3812C08D29EEFA5300639103 /* Sources */,
				3812C08E29EEFA5300639103 /* Frameworks */,
				3812C08F29EEFA5300639103 /* Resources */,
				3812C0C929EF8F7300639103 /* ShellScript */,
			);
			buildRules = (
			);
			dependencies = (
			);
			name = VIPER_QiitaApp;
			productName = VIPER_QiitaApp;
			productReference = 3812C09129EEFA5300639103 /* VIPER_QiitaApp.app */;
			productType = "com.apple.product-type.application";
		};
		3812C0A629EEFA5500639103 /* VIPER_QiitaAppTests */ = {
			isa = PBXNativeTarget;
			buildConfigurationList = 3812C0BE29EEFA5500639103 /* Build configuration list for PBXNativeTarget "VIPER_QiitaAppTests" */;
			buildPhases = (
				3812C0A329EEFA5500639103 /* Sources */,
				3812C0A429EEFA5500639103 /* Frameworks */,
				3812C0A529EEFA5500639103 /* Resources */,
			);
			buildRules = (
			);
			dependencies = (
				3812C0A929EEFA5500639103 /* PBXTargetDependency */,
			);
			name = VIPER_QiitaAppTests;
			productName = VIPER_QiitaAppTests;
			productReference = 3812C0A729EEFA5500639103 /* VIPER_QiitaAppTests.xctest */;
			productType = "com.apple.product-type.bundle.unit-test";
		};
		3812C0B029EEFA5500639103 /* VIPER_QiitaAppUITests */ = {
			isa = PBXNativeTarget;
			buildConfigurationList = 3812C0C129EEFA5500639103 /* Build configuration list for PBXNativeTarget "VIPER_QiitaAppUITests" */;
			buildPhases = (
				3812C0AD29EEFA5500639103 /* Sources */,
				3812C0AE29EEFA5500639103 /* Frameworks */,
				3812C0AF29EEFA5500639103 /* Resources */,
			);
			buildRules = (
			);
			dependencies = (
				3812C0B329EEFA5500639103 /* PBXTargetDependency */,
			);
			name = VIPER_QiitaAppUITests;
			productName = VIPER_QiitaAppUITests;
			productReference = 3812C0B129EEFA5500639103 /* VIPER_QiitaAppUITests.xctest */;
			productType = "com.apple.product-type.bundle.ui-testing";
		};
/* End PBXNativeTarget section */

/* Begin PBXProject section */
		3812C08929EEFA5300639103 /* Project object */ = {
			isa = PBXProject;
			attributes = {
				BuildIndependentTargetsInParallel = 1;
				LastSwiftUpdateCheck = 1430;
				LastUpgradeCheck = 1430;
				TargetAttributes = {
					3812C09029EEFA5300639103 = {
						CreatedOnToolsVersion = 14.3;
					};
					3812C0A629EEFA5500639103 = {
						CreatedOnToolsVersion = 14.3;
						TestTargetID = 3812C09029EEFA5300639103;
					};
					3812C0B029EEFA5500639103 = {
						CreatedOnToolsVersion = 14.3;
						TestTargetID = 3812C09029EEFA5300639103;
					};
				};
			};
			buildConfigurationList = 3812C08C29EEFA5300639103 /* Build configuration list for PBXProject "VIPER_QiitaApp" */;
			compatibilityVersion = "Xcode 14.0";
			developmentRegion = en;
			hasScannedForEncodings = 0;
			knownRegions = (
				en,
				Base,
			);
			mainGroup = 3812C08829EEFA5300639103;
			productRefGroup = 3812C09229EEFA5300639103 /* Products */;
			projectDirPath = "";
			projectRoot = "";
			targets = (
				3812C09029EEFA5300639103 /* VIPER_QiitaApp */,
				3812C0A629EEFA5500639103 /* VIPER_QiitaAppTests */,
				3812C0B029EEFA5500639103 /* VIPER_QiitaAppUITests */,
			);
		};
/* End PBXProject section */

/* Begin PBXResourcesBuildPhase section */
		3812C08F29EEFA5300639103 /* Resources */ = {
			isa = PBXResourcesBuildPhase;
			buildActionMask = 2147483647;
			files = (
				3812C0C829EF8F5000639103 /* .swiftlint.yml in Resources */,
				3812C0F029F18D9500639103 /* QiitaArticle.storyboard in Resources */,
				3812C0A129EEFA5500639103 /* LaunchScreen.storyboard in Resources */,
				3812C09E29EEFA5500639103 /* Assets.xcassets in Resources */,
				3812C09C29EEFA5300639103 /* Main.storyboard in Resources */,
			);
			runOnlyForDeploymentPostprocessing = 0;
		};
		3812C0A529EEFA5500639103 /* Resources */ = {
			isa = PBXResourcesBuildPhase;
			buildActionMask = 2147483647;
			files = (
			);
			runOnlyForDeploymentPostprocessing = 0;
		};
		3812C0AF29EEFA5500639103 /* Resources */ = {
			isa = PBXResourcesBuildPhase;
			buildActionMask = 2147483647;
			files = (
			);
			runOnlyForDeploymentPostprocessing = 0;
		};
/* End PBXResourcesBuildPhase section */

/* Begin PBXShellScriptBuildPhase section */
		3812C0C929EF8F7300639103 /* ShellScript */ = {
			isa = PBXShellScriptBuildPhase;
			buildActionMask = 2147483647;
			files = (
			);
			inputFileListPaths = (
			);
			inputPaths = (
			);
			outputFileListPaths = (
			);
			outputPaths = (
			);
			runOnlyForDeploymentPostprocessing = 0;
			shellPath = /bin/sh;
			shellScript = "if which swiftlint >/dev/null; then\n  swiftlint\nelse\n  echo \"SwiftLint does not exist, download from https://github.com/realm/SwiftLint\"\nfi\n";
		};
/* End PBXShellScriptBuildPhase section */

/* Begin PBXSourcesBuildPhase section */
		3812C08D29EEFA5300639103 /* Sources */ = {
			isa = PBXSourcesBuildPhase;
			buildActionMask = 2147483647;
			files = (
				3812C0DF29F0038100639103 /* UIImageView+Extension.swift in Sources */,
				3812C09929EEFA5300639103 /* SearchViewController.swift in Sources */,
				3812C0DB29EFC13C00639103 /* QiitaListTableViewCell.swift in Sources */,
				3812C0E429F17F6F00639103 /* QiitaArticleProtocol.swift in Sources */,
				3812C09529EEFA5300639103 /* AppDelegate.swift in Sources */,
				3812C0D729EF9F2600639103 /* SearchQiitaRouter.swift in Sources */,
				3812C0EC29F180D400639103 /* QiitaArticleViewController.swift in Sources */,
				3812C09729EEFA5300639103 /* SceneDelegate.swift in Sources */,
				3812C0D929EF9F6700639103 /* SearchQiitaProtocol.swift in Sources */,
				3812C0D329EF9EE600639103 /* SearchQiitaPresenter.swift in Sources */,
				3812C0EE29F187E000639103 /* QiitaArticlePresenter.swift in Sources */,
				3812C0D129EF9ECA00639103 /* SearchQiitaInteractor.swift in Sources */,
				3812C0E129F0D5C200639103 /* ApiErrors.swift in Sources */,
				3812C0EA29F1802400639103 /* QiitaArticleRouter.swift in Sources */,
				3812C0D529EF9F0500639103 /* SearchQiitaEntity.swift in Sources */,
			);
			runOnlyForDeploymentPostprocessing = 0;
		};
		3812C0A329EEFA5500639103 /* Sources */ = {
			isa = PBXSourcesBuildPhase;
			buildActionMask = 2147483647;
			files = (
				3812C0AC29EEFA5500639103 /* VIPER_QiitaAppTests.swift in Sources */,
			);
			runOnlyForDeploymentPostprocessing = 0;
		};
		3812C0AD29EEFA5500639103 /* Sources */ = {
			isa = PBXSourcesBuildPhase;
			buildActionMask = 2147483647;
			files = (
				3812C0B829EEFA5500639103 /* VIPER_QiitaAppUITestsLaunchTests.swift in Sources */,
				3812C0B629EEFA5500639103 /* VIPER_QiitaAppUITests.swift in Sources */,
			);
			runOnlyForDeploymentPostprocessing = 0;
		};
/* End PBXSourcesBuildPhase section */

/* Begin PBXTargetDependency section */
		3812C0A929EEFA5500639103 /* PBXTargetDependency */ = {
			isa = PBXTargetDependency;
			target = 3812C09029EEFA5300639103 /* VIPER_QiitaApp */;
			targetProxy = 3812C0A829EEFA5500639103 /* PBXContainerItemProxy */;
		};
		3812C0B329EEFA5500639103 /* PBXTargetDependency */ = {
			isa = PBXTargetDependency;
			target = 3812C09029EEFA5300639103 /* VIPER_QiitaApp */;
			targetProxy = 3812C0B229EEFA5500639103 /* PBXContainerItemProxy */;
		};
/* End PBXTargetDependency section */

/* Begin PBXVariantGroup section */
		3812C09A29EEFA5300639103 /* Main.storyboard */ = {
			isa = PBXVariantGroup;
			children = (
				3812C09B29EEFA5300639103 /* Base */,
			);
			name = Main.storyboard;
			sourceTree = "<group>";
		};
		3812C09F29EEFA5500639103 /* LaunchScreen.storyboard */ = {
			isa = PBXVariantGroup;
			children = (
				3812C0A029EEFA5500639103 /* Base */,
			);
			name = LaunchScreen.storyboard;
			sourceTree = "<group>";
		};
/* End PBXVariantGroup section */

/* Begin XCBuildConfiguration section */
		3812C0B929EEFA5500639103 /* Debug */ = {
			isa = XCBuildConfiguration;
			buildSettings = {
				ALWAYS_SEARCH_USER_PATHS = NO;
				CLANG_ANALYZER_NONNULL = YES;
				CLANG_ANALYZER_NUMBER_OBJECT_CONVERSION = YES_AGGRESSIVE;
				CLANG_CXX_LANGUAGE_STANDARD = "gnu++20";
				CLANG_ENABLE_MODULES = YES;
				CLANG_ENABLE_OBJC_ARC = YES;
				CLANG_ENABLE_OBJC_WEAK = YES;
				CLANG_WARN_BLOCK_CAPTURE_AUTORELEASING = YES;
				CLANG_WARN_BOOL_CONVERSION = YES;
				CLANG_WARN_COMMA = YES;
				CLANG_WARN_CONSTANT_CONVERSION = YES;
				CLANG_WARN_DEPRECATED_OBJC_IMPLEMENTATIONS = YES;
				CLANG_WARN_DIRECT_OBJC_ISA_USAGE = YES_ERROR;
				CLANG_WARN_DOCUMENTATION_COMMENTS = YES;
				CLANG_WARN_EMPTY_BODY = YES;
				CLANG_WARN_ENUM_CONVERSION = YES;
				CLANG_WARN_INFINITE_RECURSION = YES;
				CLANG_WARN_INT_CONVERSION = YES;
				CLANG_WARN_NON_LITERAL_NULL_CONVERSION = YES;
				CLANG_WARN_OBJC_IMPLICIT_RETAIN_SELF = YES;
				CLANG_WARN_OBJC_LITERAL_CONVERSION = YES;
				CLANG_WARN_OBJC_ROOT_CLASS = YES_ERROR;
				CLANG_WARN_QUOTED_INCLUDE_IN_FRAMEWORK_HEADER = YES;
				CLANG_WARN_RANGE_LOOP_ANALYSIS = YES;
				CLANG_WARN_STRICT_PROTOTYPES = YES;
				CLANG_WARN_SUSPICIOUS_MOVE = YES;
				CLANG_WARN_UNGUARDED_AVAILABILITY = YES_AGGRESSIVE;
				CLANG_WARN_UNREACHABLE_CODE = YES;
				CLANG_WARN__DUPLICATE_METHOD_MATCH = YES;
				COPY_PHASE_STRIP = NO;
				DEBUG_INFORMATION_FORMAT = dwarf;
				ENABLE_STRICT_OBJC_MSGSEND = YES;
				ENABLE_TESTABILITY = YES;
				GCC_C_LANGUAGE_STANDARD = gnu11;
				GCC_DYNAMIC_NO_PIC = NO;
				GCC_NO_COMMON_BLOCKS = YES;
				GCC_OPTIMIZATION_LEVEL = 0;
				GCC_PREPROCESSOR_DEFINITIONS = (
					"DEBUG=1",
					"$(inherited)",
				);
				GCC_WARN_64_TO_32_BIT_CONVERSION = YES;
				GCC_WARN_ABOUT_RETURN_TYPE = YES_ERROR;
				GCC_WARN_UNDECLARED_SELECTOR = YES;
				GCC_WARN_UNINITIALIZED_AUTOS = YES_AGGRESSIVE;
				GCC_WARN_UNUSED_FUNCTION = YES;
				GCC_WARN_UNUSED_VARIABLE = YES;
				IPHONEOS_DEPLOYMENT_TARGET = 16.4;
				MTL_ENABLE_DEBUG_INFO = INCLUDE_SOURCE;
				MTL_FAST_MATH = YES;
				ONLY_ACTIVE_ARCH = YES;
				SDKROOT = iphoneos;
				SWIFT_ACTIVE_COMPILATION_CONDITIONS = DEBUG;
				SWIFT_OPTIMIZATION_LEVEL = "-Onone";
			};
			name = Debug;
		};
		3812C0BA29EEFA5500639103 /* Release */ = {
			isa = XCBuildConfiguration;
			buildSettings = {
				ALWAYS_SEARCH_USER_PATHS = NO;
				CLANG_ANALYZER_NONNULL = YES;
				CLANG_ANALYZER_NUMBER_OBJECT_CONVERSION = YES_AGGRESSIVE;
				CLANG_CXX_LANGUAGE_STANDARD = "gnu++20";
				CLANG_ENABLE_MODULES = YES;
				CLANG_ENABLE_OBJC_ARC = YES;
				CLANG_ENABLE_OBJC_WEAK = YES;
				CLANG_WARN_BLOCK_CAPTURE_AUTORELEASING = YES;
				CLANG_WARN_BOOL_CONVERSION = YES;
				CLANG_WARN_COMMA = YES;
				CLANG_WARN_CONSTANT_CONVERSION = YES;
				CLANG_WARN_DEPRECATED_OBJC_IMPLEMENTATIONS = YES;
				CLANG_WARN_DIRECT_OBJC_ISA_USAGE = YES_ERROR;
				CLANG_WARN_DOCUMENTATION_COMMENTS = YES;
				CLANG_WARN_EMPTY_BODY = YES;
				CLANG_WARN_ENUM_CONVERSION = YES;
				CLANG_WARN_INFINITE_RECURSION = YES;
				CLANG_WARN_INT_CONVERSION = YES;
				CLANG_WARN_NON_LITERAL_NULL_CONVERSION = YES;
				CLANG_WARN_OBJC_IMPLICIT_RETAIN_SELF = YES;
				CLANG_WARN_OBJC_LITERAL_CONVERSION = YES;
				CLANG_WARN_OBJC_ROOT_CLASS = YES_ERROR;
				CLANG_WARN_QUOTED_INCLUDE_IN_FRAMEWORK_HEADER = YES;
				CLANG_WARN_RANGE_LOOP_ANALYSIS = YES;
				CLANG_WARN_STRICT_PROTOTYPES = YES;
				CLANG_WARN_SUSPICIOUS_MOVE = YES;
				CLANG_WARN_UNGUARDED_AVAILABILITY = YES_AGGRESSIVE;
				CLANG_WARN_UNREACHABLE_CODE = YES;
				CLANG_WARN__DUPLICATE_METHOD_MATCH = YES;
				COPY_PHASE_STRIP = NO;
				DEBUG_INFORMATION_FORMAT = "dwarf-with-dsym";
				ENABLE_NS_ASSERTIONS = NO;
				ENABLE_STRICT_OBJC_MSGSEND = YES;
				GCC_C_LANGUAGE_STANDARD = gnu11;
				GCC_NO_COMMON_BLOCKS = YES;
				GCC_WARN_64_TO_32_BIT_CONVERSION = YES;
				GCC_WARN_ABOUT_RETURN_TYPE = YES_ERROR;
				GCC_WARN_UNDECLARED_SELECTOR = YES;
				GCC_WARN_UNINITIALIZED_AUTOS = YES_AGGRESSIVE;
				GCC_WARN_UNUSED_FUNCTION = YES;
				GCC_WARN_UNUSED_VARIABLE = YES;
				IPHONEOS_DEPLOYMENT_TARGET = 16.4;
				MTL_ENABLE_DEBUG_INFO = NO;
				MTL_FAST_MATH = YES;
				SDKROOT = iphoneos;
				SWIFT_COMPILATION_MODE = wholemodule;
				SWIFT_OPTIMIZATION_LEVEL = "-O";
				VALIDATE_PRODUCT = YES;
			};
			name = Release;
		};
		3812C0BC29EEFA5500639103 /* Debug */ = {
			isa = XCBuildConfiguration;
			buildSettings = {
				ASSETCATALOG_COMPILER_APPICON_NAME = AppIcon;
				ASSETCATALOG_COMPILER_GLOBAL_ACCENT_COLOR_NAME = AccentColor;
				CODE_SIGN_STYLE = Automatic;
				CURRENT_PROJECT_VERSION = 1;
				DEVELOPMENT_TEAM = CU8USZ38UD;
				GENERATE_INFOPLIST_FILE = YES;
				INFOPLIST_FILE = VIPER_QiitaApp/Info.plist;
				INFOPLIST_KEY_UIApplicationSupportsIndirectInputEvents = YES;
				INFOPLIST_KEY_UILaunchStoryboardName = LaunchScreen;
				INFOPLIST_KEY_UIMainStoryboardFile = Main;
				INFOPLIST_KEY_UISupportedInterfaceOrientations_iPad = "UIInterfaceOrientationPortrait UIInterfaceOrientationPortraitUpsideDown UIInterfaceOrientationLandscapeLeft UIInterfaceOrientationLandscapeRight";
				INFOPLIST_KEY_UISupportedInterfaceOrientations_iPhone = "UIInterfaceOrientationPortrait UIInterfaceOrientationLandscapeLeft UIInterfaceOrientationLandscapeRight";
				LD_RUNPATH_SEARCH_PATHS = (
					"$(inherited)",
					"@executable_path/Frameworks",
				);
				MARKETING_VERSION = 1.0;
				PRODUCT_BUNDLE_IDENTIFIER = "com.hayato.VIPER-QiitaApp";
				PRODUCT_NAME = "$(TARGET_NAME)";
				SWIFT_EMIT_LOC_STRINGS = YES;
				SWIFT_VERSION = 5.0;
				TARGETED_DEVICE_FAMILY = "1,2";
			};
			name = Debug;
		};
		3812C0BD29EEFA5500639103 /* Release */ = {
			isa = XCBuildConfiguration;
			buildSettings = {
				ASSETCATALOG_COMPILER_APPICON_NAME = AppIcon;
				ASSETCATALOG_COMPILER_GLOBAL_ACCENT_COLOR_NAME = AccentColor;
				CODE_SIGN_STYLE = Automatic;
				CURRENT_PROJECT_VERSION = 1;
				DEVELOPMENT_TEAM = CU8USZ38UD;
				GENERATE_INFOPLIST_FILE = YES;
				INFOPLIST_FILE = VIPER_QiitaApp/Info.plist;
				INFOPLIST_KEY_UIApplicationSupportsIndirectInputEvents = YES;
				INFOPLIST_KEY_UILaunchStoryboardName = LaunchScreen;
				INFOPLIST_KEY_UIMainStoryboardFile = Main;
				INFOPLIST_KEY_UISupportedInterfaceOrientations_iPad = "UIInterfaceOrientationPortrait UIInterfaceOrientationPortraitUpsideDown UIInterfaceOrientationLandscapeLeft UIInterfaceOrientationLandscapeRight";
				INFOPLIST_KEY_UISupportedInterfaceOrientations_iPhone = "UIInterfaceOrientationPortrait UIInterfaceOrientationLandscapeLeft UIInterfaceOrientationLandscapeRight";
				LD_RUNPATH_SEARCH_PATHS = (
					"$(inherited)",
					"@executable_path/Frameworks",
				);
				MARKETING_VERSION = 1.0;
				PRODUCT_BUNDLE_IDENTIFIER = "com.hayato.VIPER-QiitaApp";
				PRODUCT_NAME = "$(TARGET_NAME)";
				SWIFT_EMIT_LOC_STRINGS = YES;
				SWIFT_VERSION = 5.0;
				TARGETED_DEVICE_FAMILY = "1,2";
			};
			name = Release;
		};
		3812C0BF29EEFA5500639103 /* Debug */ = {
			isa = XCBuildConfiguration;
			buildSettings = {
				ALWAYS_EMBED_SWIFT_STANDARD_LIBRARIES = YES;
				BUNDLE_LOADER = "$(TEST_HOST)";
				CODE_SIGN_STYLE = Automatic;
				CURRENT_PROJECT_VERSION = 1;
				DEVELOPMENT_TEAM = CU8USZ38UD;
				GENERATE_INFOPLIST_FILE = YES;
				IPHONEOS_DEPLOYMENT_TARGET = 16.4;
				MARKETING_VERSION = 1.0;
				PRODUCT_BUNDLE_IDENTIFIER = "com.hayato.VIPER-QiitaAppTests";
				PRODUCT_NAME = "$(TARGET_NAME)";
				SWIFT_EMIT_LOC_STRINGS = NO;
				SWIFT_VERSION = 5.0;
				TARGETED_DEVICE_FAMILY = "1,2";
				TEST_HOST = "$(BUILT_PRODUCTS_DIR)/VIPER_QiitaApp.app/$(BUNDLE_EXECUTABLE_FOLDER_PATH)/VIPER_QiitaApp";
			};
			name = Debug;
		};
		3812C0C029EEFA5500639103 /* Release */ = {
			isa = XCBuildConfiguration;
			buildSettings = {
				ALWAYS_EMBED_SWIFT_STANDARD_LIBRARIES = YES;
				BUNDLE_LOADER = "$(TEST_HOST)";
				CODE_SIGN_STYLE = Automatic;
				CURRENT_PROJECT_VERSION = 1;
				DEVELOPMENT_TEAM = CU8USZ38UD;
				GENERATE_INFOPLIST_FILE = YES;
				IPHONEOS_DEPLOYMENT_TARGET = 16.4;
				MARKETING_VERSION = 1.0;
				PRODUCT_BUNDLE_IDENTIFIER = "com.hayato.VIPER-QiitaAppTests";
				PRODUCT_NAME = "$(TARGET_NAME)";
				SWIFT_EMIT_LOC_STRINGS = NO;
				SWIFT_VERSION = 5.0;
				TARGETED_DEVICE_FAMILY = "1,2";
				TEST_HOST = "$(BUILT_PRODUCTS_DIR)/VIPER_QiitaApp.app/$(BUNDLE_EXECUTABLE_FOLDER_PATH)/VIPER_QiitaApp";
			};
			name = Release;
		};
		3812C0C229EEFA5500639103 /* Debug */ = {
			isa = XCBuildConfiguration;
			buildSettings = {
				ALWAYS_EMBED_SWIFT_STANDARD_LIBRARIES = YES;
				CODE_SIGN_STYLE = Automatic;
				CURRENT_PROJECT_VERSION = 1;
				DEVELOPMENT_TEAM = CU8USZ38UD;
				GENERATE_INFOPLIST_FILE = YES;
				MARKETING_VERSION = 1.0;
				PRODUCT_BUNDLE_IDENTIFIER = "com.hayato.VIPER-QiitaAppUITests";
				PRODUCT_NAME = "$(TARGET_NAME)";
				SWIFT_EMIT_LOC_STRINGS = NO;
				SWIFT_VERSION = 5.0;
				TARGETED_DEVICE_FAMILY = "1,2";
				TEST_TARGET_NAME = VIPER_QiitaApp;
			};
			name = Debug;
		};
		3812C0C329EEFA5500639103 /* Release */ = {
			isa = XCBuildConfiguration;
			buildSettings = {
				ALWAYS_EMBED_SWIFT_STANDARD_LIBRARIES = YES;
				CODE_SIGN_STYLE = Automatic;
				CURRENT_PROJECT_VERSION = 1;
				DEVELOPMENT_TEAM = CU8USZ38UD;
				GENERATE_INFOPLIST_FILE = YES;
				MARKETING_VERSION = 1.0;
				PRODUCT_BUNDLE_IDENTIFIER = "com.hayato.VIPER-QiitaAppUITests";
				PRODUCT_NAME = "$(TARGET_NAME)";
				SWIFT_EMIT_LOC_STRINGS = NO;
				SWIFT_VERSION = 5.0;
				TARGETED_DEVICE_FAMILY = "1,2";
				TEST_TARGET_NAME = VIPER_QiitaApp;
			};
			name = Release;
		};
/* End XCBuildConfiguration section */

/* Begin XCConfigurationList section */
		3812C08C29EEFA5300639103 /* Build configuration list for PBXProject "VIPER_QiitaApp" */ = {
			isa = XCConfigurationList;
			buildConfigurations = (
				3812C0B929EEFA5500639103 /* Debug */,
				3812C0BA29EEFA5500639103 /* Release */,
			);
			defaultConfigurationIsVisible = 0;
			defaultConfigurationName = Release;
		};
		3812C0BB29EEFA5500639103 /* Build configuration list for PBXNativeTarget "VIPER_QiitaApp" */ = {
			isa = XCConfigurationList;
			buildConfigurations = (
				3812C0BC29EEFA5500639103 /* Debug */,
				3812C0BD29EEFA5500639103 /* Release */,
			);
			defaultConfigurationIsVisible = 0;
			defaultConfigurationName = Release;
		};
		3812C0BE29EEFA5500639103 /* Build configuration list for PBXNativeTarget "VIPER_QiitaAppTests" */ = {
			isa = XCConfigurationList;
			buildConfigurations = (
				3812C0BF29EEFA5500639103 /* Debug */,
				3812C0C029EEFA5500639103 /* Release */,
			);
			defaultConfigurationIsVisible = 0;
			defaultConfigurationName = Release;
		};
		3812C0C129EEFA5500639103 /* Build configuration list for PBXNativeTarget "VIPER_QiitaAppUITests" */ = {
			isa = XCConfigurationList;
			buildConfigurations = (
				3812C0C229EEFA5500639103 /* Debug */,
				3812C0C329EEFA5500639103 /* Release */,
			);
			defaultConfigurationIsVisible = 0;
			defaultConfigurationName = Release;
		};
/* End XCConfigurationList section */
	};
	rootObject = 3812C08929EEFA5300639103 /* Project object */;
}
